
Microsoft Visual Studio Solution File, Format Version 12.00
# Visual Studio Version 16
VisualStudioVersion = 16.0.30907.101
MinimumVisualStudioVersion = 10.0.40219.1
Project("{9A19103F-16F7-4668-BE54-9A1E7A4F7556}") = "HelperMethods", "HelpersMethods\HelperMethods.csproj", "{4ED18E6D-C521-41B4-AA5D-FBEBCF499F02}"
EndProject
Global
	GlobalSection(SolutionConfigurationPlatforms) = preSolution
		Debug|Any CPU = Debug|Any CPU
		Release|Any CPU = Release|Any CPU
	EndGlobalSection
	GlobalSection(ProjectConfigurationPlatforms) = postSolution
		{4ED18E6D-C521-41B4-AA5D-FBEBCF499F02}.Debug|Any CPU.ActiveCfg = Debug|Any CPU
		{4ED18E6D-C521-41B4-AA5D-FBEBCF499F02}.Debug|Any CPU.Build.0 = Debug|Any CPU
		{4ED18E6D-C521-41B4-AA5D-FBEBCF499F02}.Release|Any CPU.ActiveCfg = Release|Any CPU
		{4ED18E6D-C521-41B4-AA5D-FBEBCF499F02}.Release|Any CPU.Build.0 = Release|Any CPU
	EndGlobalSection
	GlobalSection(SolutionProperties) = preSolution
		HideSolutionNode = FALSE
	EndGlobalSection
	GlobalSection(ExtensibilityGlobals) = postSolution
		SolutionGuid = {6AA908AF-6C09-4A5A-B845-892FC1A76E69}
	EndGlobalSection
EndGlobal
